{
  "name": "webasm",
  "version": "1.0.0",
  "lockfileVersion": 3,
  "requires": true,
  "packages": {
    "": {
      "name": "webasm",
      "version": "1.0.0",
      "license": "ISC",
      "devDependencies": {
        "assemblyscript": "^0.27.34"
      }
    },
    "node_modules/assemblyscript": {
      "version": "0.27.34",
      "resolved": "https://registry.npmjs.org/assemblyscript/-/assemblyscript-0.27.34.tgz",
      "integrity": "sha512-7snWLfLjXhgPxC3xadAkRqWgpNxEvP4FR7TVqNhUtStzrXEOCZJe6zc5DzIUM0PSzDx7qCBmLY8qF1LzYfeRBQ==",
      "dev": true,
      "dependencies": {
        "binaryen": "116.0.0-nightly.20240114",
        "long": "^5.2.4"
      },
      "bin": {
        "asc": "bin/asc.js",
        "asinit": "bin/asinit.js"
      },
      "engines": {
        "node": ">=18",
        "npm": ">=10"
      },
      "funding": {
        "type": "opencollective",
        "url": "https://opencollective.com/assemblyscript"
      }
    },
    "node_modules/binaryen": {
      "version": "116.0.0-nightly.20240114",
      "resolved": "https://registry.npmjs.org/binaryen/-/binaryen-116.0.0-nightly.20240114.tgz",
      "integrity": "sha512-0GZrojJnuhoe+hiwji7QFaL3tBlJoA+KFUN7ouYSDGZLSo9CKM8swQX8n/UcbR0d1VuZKU+nhogNzv423JEu5A==",
      "dev": true,
      "bin": {
        "wasm-opt": "bin/wasm-opt",
        "wasm2js": "bin/wasm2js"
      }
    },
    "node_modules/long": {
      "version": "5.3.0",
      "resolved": "https://registry.npmjs.org/long/-/long-5.3.0.tgz",
      "integrity": "sha512-5vvY5yF1zF/kXk+L94FRiTDa1Znom46UjPCH6/XbSvS8zBKMFBHTJk8KDMqJ+2J6QezQFi7k1k8v21ClJYHPaw==",
      "dev": true
    }
  }
}
